
Microsoft Visual Studio Solution File, Format Version 12.00
# Visual Studio Version 17
VisualStudioVersion = 17.2.32630.192
MinimumVisualStudioVersion = 10.0.40219.1
Project("{9A19103F-16F7-4668-BE54-9A1E7A4F7556}") = "WebApp", "WebApp\WebApp.csproj", "{85165A7B-4898-4DDD-A790-69D816E2CA79}"
EndProject
Project("{9A19103F-16F7-4668-BE54-9A1E7A4F7556}") = "ModelsDll", "ModelsDll\ModelsDll.csproj", "{737671DE-6B97-483D-9054-CC5CB07F8278}"
EndProject
Project("{9A19103F-16F7-4668-BE54-9A1E7A4F7556}") = "DbDll", "DbDll\DbDll.csproj", "{6D17C5AD-95AE-4220-8EED-87431498A1D7}"
EndProject
Project("{9A19103F-16F7-4668-BE54-9A1E7A4F7556}") = "ChatDll", "ChatDll\ChatDll.csproj", "{2E7B9ACE-8713-4B1C-961B-19163160EA85}"
EndProject
Project("{9A19103F-16F7-4668-BE54-9A1E7A4F7556}") = "ApiDll", "ApiDll\ApiDll.csproj", "{E75CFCAE-C2D8-4D57-B5A6-F8A65BF28D9B}"
EndProject
Project("{9A19103F-16F7-4668-BE54-9A1E7A4F7556}") = "Bot", "Bot\Bot.csproj", "{3C5F875E-D1C1-4986-9138-623E2FA19F6E}"
EndProject
Project("{9A19103F-16F7-4668-BE54-9A1E7A4F7556}") = "SpotifyDll", "SpotifyDll\SpotifyDll.csproj", "{25BE6AFC-19C5-4F97-8774-2D1B89F644FB}"
EndProject
Global
	GlobalSection(SolutionConfigurationPlatforms) = preSolution
		Debug|Any CPU = Debug|Any CPU
		Debug|x64 = Debug|x64
		Release|Any CPU = Release|Any CPU
		Release|x64 = Release|x64
	EndGlobalSection
	GlobalSection(ProjectConfigurationPlatforms) = postSolution
		{85165A7B-4898-4DDD-A790-69D816E2CA79}.Debug|Any CPU.ActiveCfg = Debug|Any CPU
		{85165A7B-4898-4DDD-A790-69D816E2CA79}.Debug|Any CPU.Build.0 = Debug|Any CPU
		{85165A7B-4898-4DDD-A790-69D816E2CA79}.Debug|x64.ActiveCfg = Debug|Any CPU
		{85165A7B-4898-4DDD-A790-69D816E2CA79}.Release|Any CPU.ActiveCfg = Release|Any CPU
		{85165A7B-4898-4DDD-A790-69D816E2CA79}.Release|Any CPU.Build.0 = Release|Any CPU
		{85165A7B-4898-4DDD-A790-69D816E2CA79}.Release|x64.ActiveCfg = Release|Any CPU
		{737671DE-6B97-483D-9054-CC5CB07F8278}.Debug|Any CPU.ActiveCfg = Debug|Any CPU
		{737671DE-6B97-483D-9054-CC5CB07F8278}.Debug|Any CPU.Build.0 = Debug|Any CPU
		{737671DE-6B97-483D-9054-CC5CB07F8278}.Debug|x64.ActiveCfg = Debug|Any CPU
		{737671DE-6B97-483D-9054-CC5CB07F8278}.Release|Any CPU.ActiveCfg = Release|Any CPU
		{737671DE-6B97-483D-9054-CC5CB07F8278}.Release|Any CPU.Build.0 = Release|Any CPU
		{737671DE-6B97-483D-9054-CC5CB07F8278}.Release|x64.ActiveCfg = Release|Any CPU
		{6D17C5AD-95AE-4220-8EED-87431498A1D7}.Debug|Any CPU.ActiveCfg = Debug|Any CPU
		{6D17C5AD-95AE-4220-8EED-87431498A1D7}.Debug|Any CPU.Build.0 = Debug|Any CPU
		{6D17C5AD-95AE-4220-8EED-87431498A1D7}.Debug|x64.ActiveCfg = Debug|Any CPU
		{6D17C5AD-95AE-4220-8EED-87431498A1D7}.Release|Any CPU.ActiveCfg = Release|Any CPU
		{6D17C5AD-95AE-4220-8EED-87431498A1D7}.Release|Any CPU.Build.0 = Release|Any CPU
		{6D17C5AD-95AE-4220-8EED-87431498A1D7}.Release|x64.ActiveCfg = Release|Any CPU
		{2E7B9ACE-8713-4B1C-961B-19163160EA85}.Debug|Any CPU.ActiveCfg = Debug|Any CPU
		{2E7B9ACE-8713-4B1C-961B-19163160EA85}.Debug|Any CPU.Build.0 = Debug|Any CPU
		{2E7B9ACE-8713-4B1C-961B-19163160EA85}.Debug|x64.ActiveCfg = Debug|Any CPU
		{2E7B9ACE-8713-4B1C-961B-19163160EA85}.Release|Any CPU.ActiveCfg = Release|Any CPU
		{2E7B9ACE-8713-4B1C-961B-19163160EA85}.Release|Any CPU.Build.0 = Release|Any CPU
		{2E7B9ACE-8713-4B1C-961B-19163160EA85}.Release|x64.ActiveCfg = Release|Any CPU
		{E75CFCAE-C2D8-4D57-B5A6-F8A65BF28D9B}.Debug|Any CPU.ActiveCfg = Debug|Any CPU
		{E75CFCAE-C2D8-4D57-B5A6-F8A65BF28D9B}.Debug|Any CPU.Build.0 = Debug|Any CPU
		{E75CFCAE-C2D8-4D57-B5A6-F8A65BF28D9B}.Debug|x64.ActiveCfg = Debug|Any CPU
		{E75CFCAE-C2D8-4D57-B5A6-F8A65BF28D9B}.Release|Any CPU.ActiveCfg = Release|Any CPU
		{E75CFCAE-C2D8-4D57-B5A6-F8A65BF28D9B}.Release|Any CPU.Build.0 = Release|Any CPU
		{E75CFCAE-C2D8-4D57-B5A6-F8A65BF28D9B}.Release|x64.ActiveCfg = Release|Any CPU
		{3C5F875E-D1C1-4986-9138-623E2FA19F6E}.Debug|Any CPU.ActiveCfg = Debug|Any CPU
		{3C5F875E-D1C1-4986-9138-623E2FA19F6E}.Debug|Any CPU.Build.0 = Debug|Any CPU
		{3C5F875E-D1C1-4986-9138-623E2FA19F6E}.Debug|x64.ActiveCfg = Debug|Any CPU
		{3C5F875E-D1C1-4986-9138-623E2FA19F6E}.Debug|x64.Build.0 = Debug|Any CPU
		{3C5F875E-D1C1-4986-9138-623E2FA19F6E}.Release|Any CPU.ActiveCfg = Release|Any CPU
		{3C5F875E-D1C1-4986-9138-623E2FA19F6E}.Release|Any CPU.Build.0 = Release|Any CPU
		{3C5F875E-D1C1-4986-9138-623E2FA19F6E}.Release|x64.ActiveCfg = Release|Any CPU
		{3C5F875E-D1C1-4986-9138-623E2FA19F6E}.Release|x64.Build.0 = Release|Any CPU
		{25BE6AFC-19C5-4F97-8774-2D1B89F644FB}.Debug|Any CPU.ActiveCfg = Debug|Any CPU
		{25BE6AFC-19C5-4F97-8774-2D1B89F644FB}.Debug|Any CPU.Build.0 = Debug|Any CPU
		{25BE6AFC-19C5-4F97-8774-2D1B89F644FB}.Debug|x64.ActiveCfg = Debug|Any CPU
		{25BE6AFC-19C5-4F97-8774-2D1B89F644FB}.Debug|x64.Build.0 = Debug|Any CPU
		{25BE6AFC-19C5-4F97-8774-2D1B89F644FB}.Release|Any CPU.ActiveCfg = Release|Any CPU
		{25BE6AFC-19C5-4F97-8774-2D1B89F644FB}.Release|Any CPU.Build.0 = Release|Any CPU
		{25BE6AFC-19C5-4F97-8774-2D1B89F644FB}.Release|x64.ActiveCfg = Release|Any CPU
		{25BE6AFC-19C5-4F97-8774-2D1B89F644FB}.Release|x64.Build.0 = Release|Any CPU
	EndGlobalSection
	GlobalSection(SolutionProperties) = preSolution
		HideSolutionNode = FALSE
	EndGlobalSection
	GlobalSection(ExtensibilityGlobals) = postSolution
		SolutionGuid = {3739B333-010A-4ACC-86A5-400148DED4A3}
	EndGlobalSection
EndGlobal
