
Microsoft Visual Studio Solution File, Format Version 12.00
# Visual Studio Version 17
VisualStudioVersion = 17.2.32630.192
MinimumVisualStudioVersion = 10.0.40219.1
Project("{FAE04EC0-301F-11D3-BF4B-00C04F79EFBC}") = "SpotifyDll", "SpotifyDll.csproj", "{7596D1F8-1A62-48EF-901B-1FC7631011AB}"
EndProject
Global
	GlobalSection(SolutionConfigurationPlatforms) = preSolution
		Debug|Any CPU = Debug|Any CPU
		Release|Any CPU = Release|Any CPU
	EndGlobalSection
	GlobalSection(ProjectConfigurationPlatforms) = postSolution
		{7596D1F8-1A62-48EF-901B-1FC7631011AB}.Debug|Any CPU.ActiveCfg = Debug|Any CPU
		{7596D1F8-1A62-48EF-901B-1FC7631011AB}.Debug|Any CPU.Build.0 = Debug|Any CPU
		{7596D1F8-1A62-48EF-901B-1FC7631011AB}.Release|Any CPU.ActiveCfg = Release|Any CPU
		{7596D1F8-1A62-48EF-901B-1FC7631011AB}.Release|Any CPU.Build.0 = Release|Any CPU
	EndGlobalSection
	GlobalSection(SolutionProperties) = preSolution
		HideSolutionNode = FALSE
	EndGlobalSection
	GlobalSection(ExtensibilityGlobals) = postSolution
		SolutionGuid = {23559DB5-3FB8-4338-9DDA-459675B47C98}
	EndGlobalSection
EndGlobal
