
Microsoft Visual Studio Solution File, Format Version 12.00
# Visual Studio Version 17
VisualStudioVersion = 17.2.32630.192
MinimumVisualStudioVersion = 10.0.40219.1
Project("{FAE04EC0-301F-11D3-BF4B-00C04F79EFBC}") = "WebApp", "WebApp.csproj", "{DD0B9CE5-D12C-47D5-8340-86C08749A929}"
EndProject
Global
	GlobalSection(SolutionConfigurationPlatforms) = preSolution
		Debug|Any CPU = Debug|Any CPU
		Release|Any CPU = Release|Any CPU
	EndGlobalSection
	GlobalSection(ProjectConfigurationPlatforms) = postSolution
		{DD0B9CE5-D12C-47D5-8340-86C08749A929}.Debug|Any CPU.ActiveCfg = Debug|Any CPU
		{DD0B9CE5-D12C-47D5-8340-86C08749A929}.Debug|Any CPU.Build.0 = Debug|Any CPU
		{DD0B9CE5-D12C-47D5-8340-86C08749A929}.Release|Any CPU.ActiveCfg = Release|Any CPU
		{DD0B9CE5-D12C-47D5-8340-86C08749A929}.Release|Any CPU.Build.0 = Release|Any CPU
	EndGlobalSection
	GlobalSection(SolutionProperties) = preSolution
		HideSolutionNode = FALSE
	EndGlobalSection
	GlobalSection(ExtensibilityGlobals) = postSolution
		SolutionGuid = {03D555C9-CB4E-4313-905F-162B0B1EE8E0}
	EndGlobalSection
EndGlobal
